<?xml version="1.0" encoding="utf-8"?>
<Project ToolsVersion="4.0" xmlns="http://schemas.microsoft.com/developer/msbuild/2003">
  <ItemGroup>
    <ClCompile Include="DllMain.cpp" />
    <ClCompile Include="Utils\ThreadsEx.hpp">
      <Filter>Utils</Filter>
    </ClCompile>
    <ClCompile Include="Utils\Utility.cpp">
      <Filter>Utils</Filter>
    </ClCompile>
    <ClCompile Include="Utils\Fibers.cpp">
      <Filter>Utils</Filter>
    </ClCompile>
    <ClCompile Include="Utils\Console.cpp">
      <Filter>Utils</Filter>
    </ClCompile>
    <ClCompile Include="Utils\AutoMsgBox.cpp">
      <Filter>Utils</Filter>
    </ClCompile>
    <ClCompile Include="Natives\NativeCaller.cpp">
      <Filter>Natives</Filter>
    </ClCompile>
    <ClCompile Include="Utils\Logger.cpp">
      <Filter>Utils</Filter>
    </ClCompile>
  </ItemGroup>
  <ItemGroup>
    <ClInclude Include="DllMain.hpp" />
    <ClInclude Include="Common.h">
      <Filter>Utils</Filter>
    </ClInclude>
    <ClInclude Include="Natives\NativeHelper.hpp">
      <Filter>Natives</Filter>
    </ClInclude>
    <ClInclude Include="Natives\Natives.hpp">
      <Filter>Natives</Filter>
    </ClInclude>
    <ClInclude Include="Utils\General.hpp">
      <Filter>Utils</Filter>
    </ClInclude>
    <ClInclude Include="Utils\Console.hpp">
      <Filter>Utils</Filter>
    </ClInclude>
    <ClInclude Include="Utils\AutoMsgBox.hpp">
      <Filter>Utils</Filter>
    </ClInclude>
    <ClInclude Include="Libs\GTConsole.hpp">
      <Filter>GTLib</Filter>
    </ClInclude>
    <ClInclude Include="Natives\NativeCaller.hpp">
      <Filter>Natives</Filter>
    </ClInclude>
    <ClInclude Include="Utils\Logger.hpp">
      <Filter>Utils</Filter>
    </ClInclude>
    <ClInclude Include="Libs\GTLibc.hpp">
      <Filter>GTLib</Filter>
    </ClInclude>
  </ItemGroup>
  <ItemGroup>
    <Filter Include="Natives">
      <UniqueIdentifier>{c3a87330-69df-49d8-aa61-c9cd84643307}</UniqueIdentifier>
    </Filter>
    <Filter Include="Utils">
      <UniqueIdentifier>{047b8ece-52aa-4dca-804e-9fc173941b10}</UniqueIdentifier>
    </Filter>
    <Filter Include="GTLib">
      <UniqueIdentifier>{9c4d3362-be65-4f5a-9be0-6ede398c7f11}</UniqueIdentifier>
    </Filter>
  </ItemGroup>
</Project>